
Microsoft Visual Studio Solution File, Format Version 12.00
# Visual Studio Version 17
VisualStudioVersion = 17.3.32901.215
MinimumVisualStudioVersion = 10.0.40219.1
Project("{9A19103F-16F7-4668-BE54-9A1E7A4F7556}") = "WebShopDemo", "WebShopDemo\WebShopDemo.csproj", "{F510B5BA-C359-4865-A0FE-16286751E3B5}"
EndProject
Project("{9A19103F-16F7-4668-BE54-9A1E7A4F7556}") = "WebShopDemo.Core", "WebShopDemo.Core\WebShopDemo.Core.csproj", "{9944F70D-AD84-445D-A5BF-D95F61B7226D}"
EndProject
Project("{9A19103F-16F7-4668-BE54-9A1E7A4F7556}") = "WebShopDemo.Api", "WebShopDemo.Api\WebShopDemo.Api.csproj", "{82574EA7-8A60-443F-B75B-44994A3BB2BA}"
EndProject
Project("{9A19103F-16F7-4668-BE54-9A1E7A4F7556}") = "WebShopDemo.Grpc", "WebShopDemo.Grpc\WebShopDemo.Grpc.csproj", "{EA71FEF4-5B10-42B9-9DD5-F7BF3C8F440F}"
EndProject
Global
	GlobalSection(SolutionConfigurationPlatforms) = preSolution
		Debug|Any CPU = Debug|Any CPU
		Release|Any CPU = Release|Any CPU
	EndGlobalSection
	GlobalSection(ProjectConfigurationPlatforms) = postSolution
		{F510B5BA-C359-4865-A0FE-16286751E3B5}.Debug|Any CPU.ActiveCfg = Debug|Any CPU
		{F510B5BA-C359-4865-A0FE-16286751E3B5}.Debug|Any CPU.Build.0 = Debug|Any CPU
		{F510B5BA-C359-4865-A0FE-16286751E3B5}.Release|Any CPU.ActiveCfg = Release|Any CPU
		{F510B5BA-C359-4865-A0FE-16286751E3B5}.Release|Any CPU.Build.0 = Release|Any CPU
		{9944F70D-AD84-445D-A5BF-D95F61B7226D}.Debug|Any CPU.ActiveCfg = Debug|Any CPU
		{9944F70D-AD84-445D-A5BF-D95F61B7226D}.Debug|Any CPU.Build.0 = Debug|Any CPU
		{9944F70D-AD84-445D-A5BF-D95F61B7226D}.Release|Any CPU.ActiveCfg = Release|Any CPU
		{9944F70D-AD84-445D-A5BF-D95F61B7226D}.Release|Any CPU.Build.0 = Release|Any CPU
		{82574EA7-8A60-443F-B75B-44994A3BB2BA}.Debug|Any CPU.ActiveCfg = Debug|Any CPU
		{82574EA7-8A60-443F-B75B-44994A3BB2BA}.Debug|Any CPU.Build.0 = Debug|Any CPU
		{82574EA7-8A60-443F-B75B-44994A3BB2BA}.Release|Any CPU.ActiveCfg = Release|Any CPU
		{82574EA7-8A60-443F-B75B-44994A3BB2BA}.Release|Any CPU.Build.0 = Release|Any CPU
		{EA71FEF4-5B10-42B9-9DD5-F7BF3C8F440F}.Debug|Any CPU.ActiveCfg = Debug|Any CPU
		{EA71FEF4-5B10-42B9-9DD5-F7BF3C8F440F}.Debug|Any CPU.Build.0 = Debug|Any CPU
		{EA71FEF4-5B10-42B9-9DD5-F7BF3C8F440F}.Release|Any CPU.ActiveCfg = Release|Any CPU
		{EA71FEF4-5B10-42B9-9DD5-F7BF3C8F440F}.Release|Any CPU.Build.0 = Release|Any CPU
	EndGlobalSection
	GlobalSection(SolutionProperties) = preSolution
		HideSolutionNode = FALSE
	EndGlobalSection
	GlobalSection(ExtensibilityGlobals) = postSolution
		SolutionGuid = {396F359F-E6D2-4CE3-A989-FB13CEDF2024}
	EndGlobalSection
EndGlobal
