
Microsoft Visual Studio Solution File, Format Version 12.00
# Visual Studio Version 17
VisualStudioVersion = 17.1.32407.343
MinimumVisualStudioVersion = 10.0.40219.1
Project("{FAE04EC0-301F-11D3-BF4B-00C04F79EFBC}") = "Trucks", "Trucks\Trucks.csproj", "{AA58603D-4780-4369-A353-89E22912ACBD}"
EndProject
Global
	GlobalSection(SolutionConfigurationPlatforms) = preSolution
		Debug|Any CPU = Debug|Any CPU
		Release|Any CPU = Release|Any CPU
	EndGlobalSection
	GlobalSection(ProjectConfigurationPlatforms) = postSolution
		{AA58603D-4780-4369-A353-89E22912ACBD}.Debug|Any CPU.ActiveCfg = Debug|Any CPU
		{AA58603D-4780-4369-A353-89E22912ACBD}.Debug|Any CPU.Build.0 = Debug|Any CPU
		{AA58603D-4780-4369-A353-89E22912ACBD}.Release|Any CPU.ActiveCfg = Release|Any CPU
		{AA58603D-4780-4369-A353-89E22912ACBD}.Release|Any CPU.Build.0 = Release|Any CPU
	EndGlobalSection
	GlobalSection(SolutionProperties) = preSolution
		HideSolutionNode = FALSE
	EndGlobalSection
	GlobalSection(ExtensibilityGlobals) = postSolution
		SolutionGuid = {A2A2F4DD-C7E1-4D16-95B2-EB7A84AF786D}
	EndGlobalSection
EndGlobal
