
Microsoft Visual Studio Solution File, Format Version 12.00
# Visual Studio Version 17
VisualStudioVersion = 17.3.32901.215
MinimumVisualStudioVersion = 10.0.40219.1
Project("{9A19103F-16F7-4668-BE54-9A1E7A4F7556}") = "WebShopDemo", "WebShopDemo\WebShopDemo.csproj", "{F4D08720-BC4E-4168-816F-1D0876730E6F}"
EndProject
Project("{9A19103F-16F7-4668-BE54-9A1E7A4F7556}") = "WebShopDemo.Core", "WebShopDemo.Core\WebShopDemo.Core.csproj", "{EF088254-965E-4B42-A8EB-EAAF368F665D}"
EndProject
Project("{9A19103F-16F7-4668-BE54-9A1E7A4F7556}") = "WebShopDemo.Api", "WebShopDemo.Api\WebShopDemo.Api.csproj", "{50D93EED-B6B0-43F4-9CF5-6C521F89C9F2}"
EndProject
Project("{9A19103F-16F7-4668-BE54-9A1E7A4F7556}") = "WebShopDemo.GrPC", "WebShopDemo.GrPC\WebShopDemo.GrPC.csproj", "{8A0B5BA9-E3E6-4724-8E9A-0D9C659E8642}"
EndProject
Global
	GlobalSection(SolutionConfigurationPlatforms) = preSolution
		Debug|Any CPU = Debug|Any CPU
		Release|Any CPU = Release|Any CPU
	EndGlobalSection
	GlobalSection(ProjectConfigurationPlatforms) = postSolution
		{F4D08720-BC4E-4168-816F-1D0876730E6F}.Debug|Any CPU.ActiveCfg = Debug|Any CPU
		{F4D08720-BC4E-4168-816F-1D0876730E6F}.Debug|Any CPU.Build.0 = Debug|Any CPU
		{F4D08720-BC4E-4168-816F-1D0876730E6F}.Release|Any CPU.ActiveCfg = Release|Any CPU
		{F4D08720-BC4E-4168-816F-1D0876730E6F}.Release|Any CPU.Build.0 = Release|Any CPU
		{EF088254-965E-4B42-A8EB-EAAF368F665D}.Debug|Any CPU.ActiveCfg = Debug|Any CPU
		{EF088254-965E-4B42-A8EB-EAAF368F665D}.Debug|Any CPU.Build.0 = Debug|Any CPU
		{EF088254-965E-4B42-A8EB-EAAF368F665D}.Release|Any CPU.ActiveCfg = Release|Any CPU
		{EF088254-965E-4B42-A8EB-EAAF368F665D}.Release|Any CPU.Build.0 = Release|Any CPU
		{50D93EED-B6B0-43F4-9CF5-6C521F89C9F2}.Debug|Any CPU.ActiveCfg = Debug|Any CPU
		{50D93EED-B6B0-43F4-9CF5-6C521F89C9F2}.Debug|Any CPU.Build.0 = Debug|Any CPU
		{50D93EED-B6B0-43F4-9CF5-6C521F89C9F2}.Release|Any CPU.ActiveCfg = Release|Any CPU
		{50D93EED-B6B0-43F4-9CF5-6C521F89C9F2}.Release|Any CPU.Build.0 = Release|Any CPU
		{8A0B5BA9-E3E6-4724-8E9A-0D9C659E8642}.Debug|Any CPU.ActiveCfg = Debug|Any CPU
		{8A0B5BA9-E3E6-4724-8E9A-0D9C659E8642}.Debug|Any CPU.Build.0 = Debug|Any CPU
		{8A0B5BA9-E3E6-4724-8E9A-0D9C659E8642}.Release|Any CPU.ActiveCfg = Release|Any CPU
		{8A0B5BA9-E3E6-4724-8E9A-0D9C659E8642}.Release|Any CPU.Build.0 = Release|Any CPU
	EndGlobalSection
	GlobalSection(SolutionProperties) = preSolution
		HideSolutionNode = FALSE
	EndGlobalSection
	GlobalSection(ExtensibilityGlobals) = postSolution
		SolutionGuid = {67758E17-437F-4CAE-8868-53075B362F42}
	EndGlobalSection
EndGlobal
