{
  "name": "ForumAppDemo",
  "lockfileVersion": 2,
  "requires": true,
  "packages": {
    "": {
      "dependencies": {
        "sweetalert2": "^11.5.1"
      }
    },
    "node_modules/sweetalert2": {
      "version": "11.5.1",
      "resolved": "https://registry.npmjs.org/sweetalert2/-/sweetalert2-11.5.1.tgz",
      "integrity": "sha512-xkNfWDrA57rP6s4pescNWiHzZiRwizWlh0qGzl66C2jm/5OArA/0tFkhB8Poh18EeEr8s5sRA61OXcPzyUOuyw==",
      "funding": {
        "type": "individual",
        "url": "https://sweetalert2.github.io/#donations"
      }
    }
  },
  "dependencies": {
    "sweetalert2": {
      "version": "11.5.1",
      "resolved": "https://registry.npmjs.org/sweetalert2/-/sweetalert2-11.5.1.tgz",
      "integrity": "sha512-xkNfWDrA57rP6s4pescNWiHzZiRwizWlh0qGzl66C2jm/5OArA/0tFkhB8Poh18EeEr8s5sRA61OXcPzyUOuyw=="
    }
  }
}
