
Microsoft Visual Studio Solution File, Format Version 12.00
# Visual Studio Version 17
VisualStudioVersion = 17.3.32929.385
MinimumVisualStudioVersion = 10.0.40219.1
Project("{FAE04EC0-301F-11D3-BF4B-00C04F79EFBC}") = "TaskBoardApp", "TaskBoardApp\TaskBoardApp.csproj", "{442C978E-D954-49FA-9255-71599D3960A2}"
EndProject
Global
	GlobalSection(SolutionConfigurationPlatforms) = preSolution
		Debug|Any CPU = Debug|Any CPU
		Release|Any CPU = Release|Any CPU
	EndGlobalSection
	GlobalSection(ProjectConfigurationPlatforms) = postSolution
		{442C978E-D954-49FA-9255-71599D3960A2}.Debug|Any CPU.ActiveCfg = Debug|Any CPU
		{442C978E-D954-49FA-9255-71599D3960A2}.Debug|Any CPU.Build.0 = Debug|Any CPU
		{442C978E-D954-49FA-9255-71599D3960A2}.Release|Any CPU.ActiveCfg = Release|Any CPU
		{442C978E-D954-49FA-9255-71599D3960A2}.Release|Any CPU.Build.0 = Release|Any CPU
	EndGlobalSection
	GlobalSection(SolutionProperties) = preSolution
		HideSolutionNode = FALSE
	EndGlobalSection
	GlobalSection(ExtensibilityGlobals) = postSolution
		SolutionGuid = {F1D05F9B-4F47-416C-B2B1-5224AB58EDE3}
	EndGlobalSection
EndGlobal
